
Microsoft Visual Studio Solution File, Format Version 12.00
# Visual Studio 2013
VisualStudioVersion = 12.0.31101.0
MinimumVisualStudioVersion = 10.0.40219.1
Project("{FAE04EC0-301F-11D3-BF4B-00C04F79EFBC}") = "TxFlow.TestWorkflow", "TxFlow.TestWorkflow\TxFlow.TestWorkflow.csproj", "{4D42F805-3D9C-401E-A06C-B6C0106F7867}"
EndProject
Project("{FAE04EC0-301F-11D3-BF4B-00C04F79EFBC}") = "TxFlow.CSharpDSL", "TxFlow.CSharpDSL\TxFlow.CSharpDSL.csproj", "{00B38B31-7725-48B1-A46E-AF8233092E96}"
EndProject
Project("{FAE04EC0-301F-11D3-BF4B-00C04F79EFBC}") = "TxFlow.WFBuilder", "TxFlow.WFBuilder\TxFlow.WFBuilder.csproj", "{3094A4E6-EE3A-46EA-B325-8BA267FCA862}"
EndProject
Project("{2150E333-8FDC-42A3-9474-1A3956D46DE8}") = "Binaries", "Binaries", "{C554BE4F-51E0-4617-BC18-58DDD42FB87B}"
	ProjectSection(SolutionItems) = preProject
		Binaries\InfPro.Dotiga.Activities.dll = Binaries\InfPro.Dotiga.Activities.dll
		Binaries\InfPro.Dotiga.ActivityProvider.dll = Binaries\InfPro.Dotiga.ActivityProvider.dll
		Binaries\InfPro.Dotiga.BusinessObjectsWcfClient.dll = Binaries\InfPro.Dotiga.BusinessObjectsWcfClient.dll
		Binaries\InfPro.Dotiga.Common.dll = Binaries\InfPro.Dotiga.Common.dll
		Binaries\InfPro.Dotiga.GlobalValueObjects.dll = Binaries\InfPro.Dotiga.GlobalValueObjects.dll
		Binaries\InfPro.Dotiga.WorkflowInterfaces.dll = Binaries\InfPro.Dotiga.WorkflowInterfaces.dll
		Binaries\InfPro.VATTools.dll = Binaries\InfPro.VATTools.dll
	EndProjectSection
EndProject
Project("{FAE04EC0-301F-11D3-BF4B-00C04F79EFBC}") = "TxFlow.CSharpDSL.Transpiler", "TxFlow.CSharpTranspiler\TxFlow.CSharpDSL.Transpiler.csproj", "{2339265B-20C8-4E25-872D-83A64E618E1F}"
EndProject
Project("{FAE04EC0-301F-11D3-BF4B-00C04F79EFBC}") = "TxFlow.WFActivities", "TxFlow.WFActivities\TxFlow.WFActivities.csproj", "{B1ADCEE4-FA28-4E20-9101-8CE9A439D43C}"
EndProject
Project("{FAE04EC0-301F-11D3-BF4B-00C04F79EFBC}") = "TxFlow.Debug.ValueObjects", "TxFlow.Debug.ValueObjects\TxFlow.Debug.ValueObjects.csproj", "{E448E35A-C90C-48AB-9A66-8889618CE282}"
EndProject
Project("{FAE04EC0-301F-11D3-BF4B-00C04F79EFBC}") = "TxFlow.TestWorkflow.Tests", "TxFlow.TestWorkflow.Tests\TxFlow.TestWorkflow.Tests.csproj", "{D4A3FA45-AAE4-444D-B002-2CF3E64A1F95}"
EndProject
Project("{FAE04EC0-301F-11D3-BF4B-00C04F79EFBC}") = "HolidayApproval.Entities", "HolidayApproval.Entities\HolidayApproval.Entities.csproj", "{33216F54-88F4-4C6D-B66B-4C5F129BED21}"
EndProject
Project("{FAE04EC0-301F-11D3-BF4B-00C04F79EFBC}") = "HolidayApprovalWFConsoleApp", "HolidayApprovalWFConsoleApp\HolidayApprovalWFConsoleApp.csproj", "{9D029927-62CF-4396-90E5-14C2EE75D128}"
EndProject
Project("{FAE04EC0-301F-11D3-BF4B-00C04F79EFBC}") = "TestWithMicrosoftActivitiesUnitTesting", "TestWithMicrosoftActivitiesUnitTesting\TestWithMicrosoftActivitiesUnitTesting.csproj", "{6799AFB7-4FD0-4620-BD50-D7993EDC624C}"
EndProject
Project("{FAE04EC0-301F-11D3-BF4B-00C04F79EFBC}") = "HolidayApproval.Activities", "HolidayApproval.Activities\HolidayApproval.Activities.csproj", "{0842D25E-AD6D-41D9-979A-01F46E947B43}"
EndProject
Project("{FAE04EC0-301F-11D3-BF4B-00C04F79EFBC}") = "VisualWorkflowTracking", "VisualWorkflowTracking\VisualWorkflowTracking.csproj", "{EBD169B6-3946-45C2-AFB7-6086B1A42FC6}"
EndProject
Project("{FAE04EC0-301F-11D3-BF4B-00C04F79EFBC}") = "TxFlow.Debug.Adapter", "TxFlow.Debug.Adapter\TxFlow.Debug.Adapter.csproj", "{3A8D02CB-BD7E-4909-AD8D-52A5B8A3FF4E}"
EndProject
Project("{FAE04EC0-301F-11D3-BF4B-00C04F79EFBC}") = "TxFlow.Debug.WFTracking", "TxFlow.Debug.WFTracking\TxFlow.Debug.WFTracking.csproj", "{9A136609-8C18-49A3-901A-BA031BA3AA93}"
EndProject
Project("{FAE04EC0-301F-11D3-BF4B-00C04F79EFBC}") = "TestInterception", "TestInterception\TestInterception.csproj", "{3B332447-1391-4BC8-80C4-7FAAEAC49527}"
EndProject
Project("{FAE04EC0-301F-11D3-BF4B-00C04F79EFBC}") = "TxFlow.CSharpDSL.Generator", "TxFlow.CSharpDSL.Generator\TxFlow.CSharpDSL.Generator.csproj", "{1F25F789-3240-4B0F-AE94-3AD981BDA1D8}"
EndProject
Project("{2150E333-8FDC-42A3-9474-1A3956D46DE8}") = "IndustrialApplication", "IndustrialApplication", "{3307503D-8BF0-4CE0-9561-6FD689516FD5}"
EndProject
Project("{FAE04EC0-301F-11D3-BF4B-00C04F79EFBC}") = "InfPro.Dotiga.Activities", "IndustrialApplication\InfPro.Dotiga.Activities\InfPro.Dotiga.Activities.csproj", "{D25EFCB1-7B89-4838-BBDD-D9C7072CB833}"
EndProject
Project("{FAE04EC0-301F-11D3-BF4B-00C04F79EFBC}") = "InfPro.Dotiga.TxFlow", "IndustrialApplication\InfPro.Dotiga.TxFlow\InfPro.Dotiga.TxFlow.csproj", "{3906F3CF-437B-4D4C-85DC-987DC4BDE307}"
EndProject
Project("{FAE04EC0-301F-11D3-BF4B-00C04F79EFBC}") = "InfPro.Dotiga.TxFlow.PexTests", "IndustrialApplication\InfPro.Dotiga.TxFlow.ManualTests.Tests\InfPro.Dotiga.TxFlow.PexTests.csproj", "{995ED0D6-91BD-42DC-BDB6-CB9989BC62F6}"
EndProject
Project("{FAE04EC0-301F-11D3-BF4B-00C04F79EFBC}") = "InfPro.Dotiga.ValueObjects", "IndustrialApplication\InfPro.Dotiga.ValueObjects\InfPro.Dotiga.ValueObjects.csproj", "{09C2CDE7-22A6-4873-8D7B-AE0E6CF6847F}"
EndProject
Project("{FAE04EC0-301F-11D3-BF4B-00C04F79EFBC}") = "InfPro.Dotiga.TxFlow.ManualTests", "IndustrialApplication\InfPro.Dotiga.TxFlow.ManualTests\InfPro.Dotiga.TxFlow.ManualTests.csproj", "{37BF05B3-37AD-47CF-8625-BBAC436D9BC1}"
EndProject
Project("{FAE04EC0-301F-11D3-BF4B-00C04F79EFBC}") = "HolidayApproval.MetahW", "HolidayApproval.MetahW\HolidayApproval.MetahW.csproj", "{090E38C9-A9D4-44D7-8FD5-5D7DEEB9CBCA}"
EndProject
Global
	GlobalSection(TeamFoundationVersionControl) = preSolution
		SccNumberOfProjects = 23
		SccEnterpriseProvider = {4CA58AB2-18FA-4F8D-95D4-32DDF27D184C}
		SccTeamFoundationServer = https://mariusmoessmer.visualstudio.com/
		SccLocalPath0 = .
		SccProjectUniqueName1 = TxFlow.TestWorkflow\\TxFlow.TestWorkflow.csproj
		SccProjectName1 = TxFlow.TestWorkflow
		SccLocalPath1 = TxFlow.TestWorkflow
		SccProjectUniqueName2 = TxFlow.CSharpDSL\\TxFlow.CSharpDSL.csproj
		SccProjectName2 = TxFlow.CSharpDSL
		SccLocalPath2 = TxFlow.CSharpDSL
		SccProjectUniqueName3 = TxFlow.WFBuilder\\TxFlow.WFBuilder.csproj
		SccProjectName3 = TxFlow.WFBuilder
		SccLocalPath3 = TxFlow.WFBuilder
		SccProjectUniqueName4 = TxFlow.WFActivities\\TxFlow.WFActivities.csproj
		SccProjectName4 = TxFlow.WFActivities
		SccLocalPath4 = TxFlow.WFActivities
		SccProjectUniqueName5 = TxFlow.Debug.ValueObjects\\TxFlow.Debug.ValueObjects.csproj
		SccProjectName5 = TxFlow.Debug.ValueObjects
		SccLocalPath5 = TxFlow.Debug.ValueObjects
		SccProjectUniqueName6 = TxFlow.TestWorkflow.Tests\\TxFlow.TestWorkflow.Tests.csproj
		SccProjectName6 = TxFlow.TestWorkflow.Tests
		SccLocalPath6 = TxFlow.TestWorkflow.Tests
		SccProjectUniqueName7 = HolidayApproval.Entities\\HolidayApproval.Entities.csproj
		SccProjectName7 = HolidayApproval.Entities
		SccLocalPath7 = HolidayApproval.Entities
		SccProjectUniqueName8 = HolidayApprovalWFConsoleApp\\HolidayApprovalWFConsoleApp.csproj
		SccProjectName8 = HolidayApprovalWFConsoleApp
		SccLocalPath8 = HolidayApprovalWFConsoleApp
		SccProjectUniqueName9 = TestWithMicrosoftActivitiesUnitTesting\\TestWithMicrosoftActivitiesUnitTesting.csproj
		SccProjectName9 = TestWithMicrosoftActivitiesUnitTesting
		SccLocalPath9 = TestWithMicrosoftActivitiesUnitTesting
		SccProjectUniqueName10 = HolidayApproval.Activities\\HolidayApproval.Activities.csproj
		SccProjectName10 = HolidayApproval.Activities
		SccLocalPath10 = HolidayApproval.Activities
		SccProjectUniqueName11 = VisualWorkflowTracking\\VisualWorkflowTracking.csproj
		SccProjectName11 = VisualWorkflowTracking
		SccLocalPath11 = VisualWorkflowTracking
		SccProjectUniqueName12 = TestInterception\\TestInterception.csproj
		SccProjectName12 = TestInterception
		SccLocalPath12 = TestInterception
		SccProjectUniqueName13 = TxFlow.CSharpDSL.Generator\\TxFlow.CSharpDSL.Generator.csproj
		SccProjectName13 = TxFlow.CSharpDSL.Generator
		SccLocalPath13 = TxFlow.CSharpDSL.Generator
		SccProjectUniqueName14 = TxFlow.CSharpTranspiler\\TxFlow.CSharpDSL.Transpiler.csproj
		SccProjectName14 = TxFlow.CSharpTranspiler
		SccLocalPath14 = TxFlow.CSharpTranspiler
		SccProjectUniqueName15 = TxFlow.Debug.WFTracking\\TxFlow.Debug.WFTracking.csproj
		SccProjectName15 = TxFlow.Debug.WFTracking
		SccLocalPath15 = TxFlow.Debug.WFTracking
		SccProjectUniqueName16 = TxFlow.Debug.Adapter\\TxFlow.Debug.Adapter.csproj
		SccProjectName16 = TxFlow.Debug.Adapter
		SccLocalPath16 = TxFlow.Debug.Adapter
		SccProjectUniqueName17 = IndustrialApplication\\InfPro.Dotiga.Activities\\InfPro.Dotiga.Activities.csproj
		SccProjectTopLevelParentUniqueName17 = TxFlow.sln
		SccProjectName17 = IndustrialApplication/InfPro.Dotiga.Activities
		SccLocalPath17 = IndustrialApplication\\InfPro.Dotiga.Activities
		SccProjectUniqueName18 = IndustrialApplication\\InfPro.Dotiga.TxFlow\\InfPro.Dotiga.TxFlow.csproj
		SccProjectTopLevelParentUniqueName18 = TxFlow.sln
		SccProjectName18 = IndustrialApplication/InfPro.Dotiga.TxFlow
		SccLocalPath18 = IndustrialApplication\\InfPro.Dotiga.TxFlow
		SccProjectUniqueName19 = IndustrialApplication\\InfPro.Dotiga.ValueObjects\\InfPro.Dotiga.ValueObjects.csproj
		SccProjectTopLevelParentUniqueName19 = TxFlow.sln
		SccProjectName19 = IndustrialApplication/InfPro.Dotiga.ValueObjects
		SccLocalPath19 = IndustrialApplication\\InfPro.Dotiga.ValueObjects
		SccProjectUniqueName20 = IndustrialApplication\\InfPro.Dotiga.TxFlow.ManualTests\\InfPro.Dotiga.TxFlow.ManualTests.csproj
		SccProjectTopLevelParentUniqueName20 = TxFlow.sln
		SccProjectName20 = IndustrialApplication/InfPro.Dotiga.TxFlow.ManualTests
		SccLocalPath20 = IndustrialApplication\\InfPro.Dotiga.TxFlow.ManualTests
		SccProjectUniqueName21 = IndustrialApplication\\InfPro.Dotiga.TxFlow.ManualTests.Tests\\InfPro.Dotiga.TxFlow.PexTests.csproj
		SccProjectTopLevelParentUniqueName21 = TxFlow.sln
		SccProjectName21 = IndustrialApplication/InfPro.Dotiga.TxFlow.ManualTests.Tests
		SccLocalPath21 = IndustrialApplication\\InfPro.Dotiga.TxFlow.ManualTests.Tests
		SccProjectUniqueName22 = HolidayApproval.MetahW\\HolidayApproval.MetahW.csproj
		SccProjectName22 = HolidayApproval.MetahW
		SccLocalPath22 = HolidayApproval.MetahW
	EndGlobalSection
	GlobalSection(SolutionConfigurationPlatforms) = preSolution
		Debug|Any CPU = Debug|Any CPU
		Debug|Mixed Platforms = Debug|Mixed Platforms
		Debug|x86 = Debug|x86
		Release|Any CPU = Release|Any CPU
		Release|Mixed Platforms = Release|Mixed Platforms
		Release|x86 = Release|x86
	EndGlobalSection
	GlobalSection(ProjectConfigurationPlatforms) = postSolution
		{4D42F805-3D9C-401E-A06C-B6C0106F7867}.Debug|Any CPU.ActiveCfg = Debug|Any CPU
		{4D42F805-3D9C-401E-A06C-B6C0106F7867}.Debug|Any CPU.Build.0 = Debug|Any CPU
		{4D42F805-3D9C-401E-A06C-B6C0106F7867}.Debug|Mixed Platforms.ActiveCfg = Debug|Any CPU
		{4D42F805-3D9C-401E-A06C-B6C0106F7867}.Debug|Mixed Platforms.Build.0 = Debug|Any CPU
		{4D42F805-3D9C-401E-A06C-B6C0106F7867}.Debug|x86.ActiveCfg = Debug|Any CPU
		{4D42F805-3D9C-401E-A06C-B6C0106F7867}.Debug|x86.Build.0 = Debug|Any CPU
		{4D42F805-3D9C-401E-A06C-B6C0106F7867}.Release|Any CPU.ActiveCfg = Release|Any CPU
		{4D42F805-3D9C-401E-A06C-B6C0106F7867}.Release|Any CPU.Build.0 = Release|Any CPU
		{4D42F805-3D9C-401E-A06C-B6C0106F7867}.Release|Mixed Platforms.ActiveCfg = Release|Any CPU
		{4D42F805-3D9C-401E-A06C-B6C0106F7867}.Release|Mixed Platforms.Build.0 = Release|Any CPU
		{4D42F805-3D9C-401E-A06C-B6C0106F7867}.Release|x86.ActiveCfg = Release|Any CPU
		{4D42F805-3D9C-401E-A06C-B6C0106F7867}.Release|x86.Build.0 = Release|Any CPU
		{00B38B31-7725-48B1-A46E-AF8233092E96}.Debug|Any CPU.ActiveCfg = Debug|Any CPU
		{00B38B31-7725-48B1-A46E-AF8233092E96}.Debug|Any CPU.Build.0 = Debug|Any CPU
		{00B38B31-7725-48B1-A46E-AF8233092E96}.Debug|Mixed Platforms.ActiveCfg = Debug|Any CPU
		{00B38B31-7725-48B1-A46E-AF8233092E96}.Debug|Mixed Platforms.Build.0 = Debug|Any CPU
		{00B38B31-7725-48B1-A46E-AF8233092E96}.Debug|x86.ActiveCfg = Debug|Any CPU
		{00B38B31-7725-48B1-A46E-AF8233092E96}.Debug|x86.Build.0 = Debug|Any CPU
		{00B38B31-7725-48B1-A46E-AF8233092E96}.Release|Any CPU.ActiveCfg = Release|Any CPU
		{00B38B31-7725-48B1-A46E-AF8233092E96}.Release|Any CPU.Build.0 = Release|Any CPU
		{00B38B31-7725-48B1-A46E-AF8233092E96}.Release|Mixed Platforms.ActiveCfg = Release|Any CPU
		{00B38B31-7725-48B1-A46E-AF8233092E96}.Release|Mixed Platforms.Build.0 = Release|Any CPU
		{00B38B31-7725-48B1-A46E-AF8233092E96}.Release|x86.ActiveCfg = Release|Any CPU
		{00B38B31-7725-48B1-A46E-AF8233092E96}.Release|x86.Build.0 = Release|Any CPU
		{3094A4E6-EE3A-46EA-B325-8BA267FCA862}.Debug|Any CPU.ActiveCfg = Debug|Any CPU
		{3094A4E6-EE3A-46EA-B325-8BA267FCA862}.Debug|Any CPU.Build.0 = Debug|Any CPU
		{3094A4E6-EE3A-46EA-B325-8BA267FCA862}.Debug|Mixed Platforms.ActiveCfg = Debug|Any CPU
		{3094A4E6-EE3A-46EA-B325-8BA267FCA862}.Debug|Mixed Platforms.Build.0 = Debug|Any CPU
		{3094A4E6-EE3A-46EA-B325-8BA267FCA862}.Debug|x86.ActiveCfg = Debug|Any CPU
		{3094A4E6-EE3A-46EA-B325-8BA267FCA862}.Debug|x86.Build.0 = Debug|Any CPU
		{3094A4E6-EE3A-46EA-B325-8BA267FCA862}.Release|Any CPU.ActiveCfg = Release|Any CPU
		{3094A4E6-EE3A-46EA-B325-8BA267FCA862}.Release|Any CPU.Build.0 = Release|Any CPU
		{3094A4E6-EE3A-46EA-B325-8BA267FCA862}.Release|Mixed Platforms.ActiveCfg = Release|Any CPU
		{3094A4E6-EE3A-46EA-B325-8BA267FCA862}.Release|Mixed Platforms.Build.0 = Release|Any CPU
		{3094A4E6-EE3A-46EA-B325-8BA267FCA862}.Release|x86.ActiveCfg = Release|Any CPU
		{3094A4E6-EE3A-46EA-B325-8BA267FCA862}.Release|x86.Build.0 = Release|Any CPU
		{2339265B-20C8-4E25-872D-83A64E618E1F}.Debug|Any CPU.ActiveCfg = Debug|x86
		{2339265B-20C8-4E25-872D-83A64E618E1F}.Debug|Any CPU.Build.0 = Debug|x86
		{2339265B-20C8-4E25-872D-83A64E618E1F}.Debug|Mixed Platforms.ActiveCfg = Debug|x86
		{2339265B-20C8-4E25-872D-83A64E618E1F}.Debug|Mixed Platforms.Build.0 = Debug|x86
		{2339265B-20C8-4E25-872D-83A64E618E1F}.Debug|x86.ActiveCfg = Debug|x86
		{2339265B-20C8-4E25-872D-83A64E618E1F}.Debug|x86.Build.0 = Debug|x86
		{2339265B-20C8-4E25-872D-83A64E618E1F}.Release|Any CPU.ActiveCfg = Release|x86
		{2339265B-20C8-4E25-872D-83A64E618E1F}.Release|Mixed Platforms.ActiveCfg = Release|x86
		{2339265B-20C8-4E25-872D-83A64E618E1F}.Release|Mixed Platforms.Build.0 = Release|x86
		{2339265B-20C8-4E25-872D-83A64E618E1F}.Release|x86.ActiveCfg = Release|x86
		{2339265B-20C8-4E25-872D-83A64E618E1F}.Release|x86.Build.0 = Release|x86
		{B1ADCEE4-FA28-4E20-9101-8CE9A439D43C}.Debug|Any CPU.ActiveCfg = Debug|Any CPU
		{B1ADCEE4-FA28-4E20-9101-8CE9A439D43C}.Debug|Any CPU.Build.0 = Debug|Any CPU
		{B1ADCEE4-FA28-4E20-9101-8CE9A439D43C}.Debug|Mixed Platforms.ActiveCfg = Debug|Any CPU
		{B1ADCEE4-FA28-4E20-9101-8CE9A439D43C}.Debug|Mixed Platforms.Build.0 = Debug|Any CPU
		{B1ADCEE4-FA28-4E20-9101-8CE9A439D43C}.Debug|x86.ActiveCfg = Debug|Any CPU
		{B1ADCEE4-FA28-4E20-9101-8CE9A439D43C}.Debug|x86.Build.0 = Debug|Any CPU
		{B1ADCEE4-FA28-4E20-9101-8CE9A439D43C}.Release|Any CPU.ActiveCfg = Release|Any CPU
		{B1ADCEE4-FA28-4E20-9101-8CE9A439D43C}.Release|Any CPU.Build.0 = Release|Any CPU
		{B1ADCEE4-FA28-4E20-9101-8CE9A439D43C}.Release|Mixed Platforms.ActiveCfg = Release|Any CPU
		{B1ADCEE4-FA28-4E20-9101-8CE9A439D43C}.Release|Mixed Platforms.Build.0 = Release|Any CPU
		{B1ADCEE4-FA28-4E20-9101-8CE9A439D43C}.Release|x86.ActiveCfg = Release|Any CPU
		{B1ADCEE4-FA28-4E20-9101-8CE9A439D43C}.Release|x86.Build.0 = Release|Any CPU
		{E448E35A-C90C-48AB-9A66-8889618CE282}.Debug|Any CPU.ActiveCfg = Debug|Any CPU
		{E448E35A-C90C-48AB-9A66-8889618CE282}.Debug|Any CPU.Build.0 = Debug|Any CPU
		{E448E35A-C90C-48AB-9A66-8889618CE282}.Debug|Mixed Platforms.ActiveCfg = Debug|Any CPU
		{E448E35A-C90C-48AB-9A66-8889618CE282}.Debug|Mixed Platforms.Build.0 = Debug|Any CPU
		{E448E35A-C90C-48AB-9A66-8889618CE282}.Debug|x86.ActiveCfg = Debug|Any CPU
		{E448E35A-C90C-48AB-9A66-8889618CE282}.Debug|x86.Build.0 = Debug|Any CPU
		{E448E35A-C90C-48AB-9A66-8889618CE282}.Release|Any CPU.ActiveCfg = Release|Any CPU
		{E448E35A-C90C-48AB-9A66-8889618CE282}.Release|Any CPU.Build.0 = Release|Any CPU
		{E448E35A-C90C-48AB-9A66-8889618CE282}.Release|Mixed Platforms.ActiveCfg = Release|Any CPU
		{E448E35A-C90C-48AB-9A66-8889618CE282}.Release|Mixed Platforms.Build.0 = Release|Any CPU
		{E448E35A-C90C-48AB-9A66-8889618CE282}.Release|x86.ActiveCfg = Release|Any CPU
		{E448E35A-C90C-48AB-9A66-8889618CE282}.Release|x86.Build.0 = Release|Any CPU
		{D4A3FA45-AAE4-444D-B002-2CF3E64A1F95}.Debug|Any CPU.ActiveCfg = Debug|Any CPU
		{D4A3FA45-AAE4-444D-B002-2CF3E64A1F95}.Debug|Any CPU.Build.0 = Debug|Any CPU
		{D4A3FA45-AAE4-444D-B002-2CF3E64A1F95}.Debug|Mixed Platforms.ActiveCfg = Debug|Any CPU
		{D4A3FA45-AAE4-444D-B002-2CF3E64A1F95}.Debug|Mixed Platforms.Build.0 = Debug|Any CPU
		{D4A3FA45-AAE4-444D-B002-2CF3E64A1F95}.Debug|x86.ActiveCfg = Debug|Any CPU
		{D4A3FA45-AAE4-444D-B002-2CF3E64A1F95}.Debug|x86.Build.0 = Debug|Any CPU
		{D4A3FA45-AAE4-444D-B002-2CF3E64A1F95}.Release|Any CPU.ActiveCfg = Release|Any CPU
		{D4A3FA45-AAE4-444D-B002-2CF3E64A1F95}.Release|Any CPU.Build.0 = Release|Any CPU
		{D4A3FA45-AAE4-444D-B002-2CF3E64A1F95}.Release|Mixed Platforms.ActiveCfg = Release|Any CPU
		{D4A3FA45-AAE4-444D-B002-2CF3E64A1F95}.Release|Mixed Platforms.Build.0 = Release|Any CPU
		{D4A3FA45-AAE4-444D-B002-2CF3E64A1F95}.Release|x86.ActiveCfg = Release|Any CPU
		{D4A3FA45-AAE4-444D-B002-2CF3E64A1F95}.Release|x86.Build.0 = Release|Any CPU
		{33216F54-88F4-4C6D-B66B-4C5F129BED21}.Debug|Any CPU.ActiveCfg = Debug|Any CPU
		{33216F54-88F4-4C6D-B66B-4C5F129BED21}.Debug|Any CPU.Build.0 = Debug|Any CPU
		{33216F54-88F4-4C6D-B66B-4C5F129BED21}.Debug|Mixed Platforms.ActiveCfg = Debug|Any CPU
		{33216F54-88F4-4C6D-B66B-4C5F129BED21}.Debug|Mixed Platforms.Build.0 = Debug|Any CPU
		{33216F54-88F4-4C6D-B66B-4C5F129BED21}.Debug|x86.ActiveCfg = Debug|Any CPU
		{33216F54-88F4-4C6D-B66B-4C5F129BED21}.Debug|x86.Build.0 = Debug|Any CPU
		{33216F54-88F4-4C6D-B66B-4C5F129BED21}.Release|Any CPU.ActiveCfg = Release|Any CPU
		{33216F54-88F4-4C6D-B66B-4C5F129BED21}.Release|Any CPU.Build.0 = Release|Any CPU
		{33216F54-88F4-4C6D-B66B-4C5F129BED21}.Release|Mixed Platforms.ActiveCfg = Release|Any CPU
		{33216F54-88F4-4C6D-B66B-4C5F129BED21}.Release|Mixed Platforms.Build.0 = Release|Any CPU
		{33216F54-88F4-4C6D-B66B-4C5F129BED21}.Release|x86.ActiveCfg = Release|Any CPU
		{33216F54-88F4-4C6D-B66B-4C5F129BED21}.Release|x86.Build.0 = Release|Any CPU
		{9D029927-62CF-4396-90E5-14C2EE75D128}.Debug|Any CPU.ActiveCfg = Debug|x86
		{9D029927-62CF-4396-90E5-14C2EE75D128}.Debug|Mixed Platforms.ActiveCfg = Debug|x86
		{9D029927-62CF-4396-90E5-14C2EE75D128}.Debug|Mixed Platforms.Build.0 = Debug|x86
		{9D029927-62CF-4396-90E5-14C2EE75D128}.Debug|x86.ActiveCfg = Debug|x86
		{9D029927-62CF-4396-90E5-14C2EE75D128}.Debug|x86.Build.0 = Debug|x86
		{9D029927-62CF-4396-90E5-14C2EE75D128}.Release|Any CPU.ActiveCfg = Release|x86
		{9D029927-62CF-4396-90E5-14C2EE75D128}.Release|Mixed Platforms.ActiveCfg = Release|x86
		{9D029927-62CF-4396-90E5-14C2EE75D128}.Release|Mixed Platforms.Build.0 = Release|x86
		{9D029927-62CF-4396-90E5-14C2EE75D128}.Release|x86.ActiveCfg = Release|x86
		{9D029927-62CF-4396-90E5-14C2EE75D128}.Release|x86.Build.0 = Release|x86
		{6799AFB7-4FD0-4620-BD50-D7993EDC624C}.Debug|Any CPU.ActiveCfg = Debug|Any CPU
		{6799AFB7-4FD0-4620-BD50-D7993EDC624C}.Debug|Any CPU.Build.0 = Debug|Any CPU
		{6799AFB7-4FD0-4620-BD50-D7993EDC624C}.Debug|Mixed Platforms.ActiveCfg = Debug|Any CPU
		{6799AFB7-4FD0-4620-BD50-D7993EDC624C}.Debug|Mixed Platforms.Build.0 = Debug|Any CPU
		{6799AFB7-4FD0-4620-BD50-D7993EDC624C}.Debug|x86.ActiveCfg = Debug|Any CPU
		{6799AFB7-4FD0-4620-BD50-D7993EDC624C}.Debug|x86.Build.0 = Debug|Any CPU
		{6799AFB7-4FD0-4620-BD50-D7993EDC624C}.Release|Any CPU.ActiveCfg = Release|Any CPU
		{6799AFB7-4FD0-4620-BD50-D7993EDC624C}.Release|Any CPU.Build.0 = Release|Any CPU
		{6799AFB7-4FD0-4620-BD50-D7993EDC624C}.Release|Mixed Platforms.ActiveCfg = Release|Any CPU
		{6799AFB7-4FD0-4620-BD50-D7993EDC624C}.Release|Mixed Platforms.Build.0 = Release|Any CPU
		{6799AFB7-4FD0-4620-BD50-D7993EDC624C}.Release|x86.ActiveCfg = Release|Any CPU
		{6799AFB7-4FD0-4620-BD50-D7993EDC624C}.Release|x86.Build.0 = Release|Any CPU
		{0842D25E-AD6D-41D9-979A-01F46E947B43}.Debug|Any CPU.ActiveCfg = Debug|Any CPU
		{0842D25E-AD6D-41D9-979A-01F46E947B43}.Debug|Any CPU.Build.0 = Debug|Any CPU
		{0842D25E-AD6D-41D9-979A-01F46E947B43}.Debug|Mixed Platforms.ActiveCfg = Debug|Any CPU
		{0842D25E-AD6D-41D9-979A-01F46E947B43}.Debug|Mixed Platforms.Build.0 = Debug|Any CPU
		{0842D25E-AD6D-41D9-979A-01F46E947B43}.Debug|x86.ActiveCfg = Debug|Any CPU
		{0842D25E-AD6D-41D9-979A-01F46E947B43}.Debug|x86.Build.0 = Debug|Any CPU
		{0842D25E-AD6D-41D9-979A-01F46E947B43}.Release|Any CPU.ActiveCfg = Release|Any CPU
		{0842D25E-AD6D-41D9-979A-01F46E947B43}.Release|Any CPU.Build.0 = Release|Any CPU
		{0842D25E-AD6D-41D9-979A-01F46E947B43}.Release|Mixed Platforms.ActiveCfg = Release|Any CPU
		{0842D25E-AD6D-41D9-979A-01F46E947B43}.Release|Mixed Platforms.Build.0 = Release|Any CPU
		{0842D25E-AD6D-41D9-979A-01F46E947B43}.Release|x86.ActiveCfg = Release|Any CPU
		{0842D25E-AD6D-41D9-979A-01F46E947B43}.Release|x86.Build.0 = Release|Any CPU
		{EBD169B6-3946-45C2-AFB7-6086B1A42FC6}.Debug|Any CPU.ActiveCfg = Debug|Any CPU
		{EBD169B6-3946-45C2-AFB7-6086B1A42FC6}.Debug|Any CPU.Build.0 = Debug|Any CPU
		{EBD169B6-3946-45C2-AFB7-6086B1A42FC6}.Debug|Mixed Platforms.ActiveCfg = Debug|Any CPU
		{EBD169B6-3946-45C2-AFB7-6086B1A42FC6}.Debug|Mixed Platforms.Build.0 = Debug|Any CPU
		{EBD169B6-3946-45C2-AFB7-6086B1A42FC6}.Debug|x86.ActiveCfg = Debug|Any CPU
		{EBD169B6-3946-45C2-AFB7-6086B1A42FC6}.Debug|x86.Build.0 = Debug|Any CPU
		{EBD169B6-3946-45C2-AFB7-6086B1A42FC6}.Release|Any CPU.ActiveCfg = Release|Any CPU
		{EBD169B6-3946-45C2-AFB7-6086B1A42FC6}.Release|Any CPU.Build.0 = Release|Any CPU
		{EBD169B6-3946-45C2-AFB7-6086B1A42FC6}.Release|Mixed Platforms.ActiveCfg = Release|Any CPU
		{EBD169B6-3946-45C2-AFB7-6086B1A42FC6}.Release|Mixed Platforms.Build.0 = Release|Any CPU
		{EBD169B6-3946-45C2-AFB7-6086B1A42FC6}.Release|x86.ActiveCfg = Release|Any CPU
		{EBD169B6-3946-45C2-AFB7-6086B1A42FC6}.Release|x86.Build.0 = Release|Any CPU
		{3A8D02CB-BD7E-4909-AD8D-52A5B8A3FF4E}.Debug|Any CPU.ActiveCfg = Debug|Any CPU
		{3A8D02CB-BD7E-4909-AD8D-52A5B8A3FF4E}.Debug|Any CPU.Build.0 = Debug|Any CPU
		{3A8D02CB-BD7E-4909-AD8D-52A5B8A3FF4E}.Debug|Mixed Platforms.ActiveCfg = Debug|Any CPU
		{3A8D02CB-BD7E-4909-AD8D-52A5B8A3FF4E}.Debug|Mixed Platforms.Build.0 = Debug|Any CPU
		{3A8D02CB-BD7E-4909-AD8D-52A5B8A3FF4E}.Debug|x86.ActiveCfg = Debug|Any CPU
		{3A8D02CB-BD7E-4909-AD8D-52A5B8A3FF4E}.Debug|x86.Build.0 = Debug|Any CPU
		{3A8D02CB-BD7E-4909-AD8D-52A5B8A3FF4E}.Release|Any CPU.ActiveCfg = Release|Any CPU
		{3A8D02CB-BD7E-4909-AD8D-52A5B8A3FF4E}.Release|Any CPU.Build.0 = Release|Any CPU
		{3A8D02CB-BD7E-4909-AD8D-52A5B8A3FF4E}.Release|Mixed Platforms.ActiveCfg = Release|Any CPU
		{3A8D02CB-BD7E-4909-AD8D-52A5B8A3FF4E}.Release|Mixed Platforms.Build.0 = Release|Any CPU
		{3A8D02CB-BD7E-4909-AD8D-52A5B8A3FF4E}.Release|x86.ActiveCfg = Release|Any CPU
		{3A8D02CB-BD7E-4909-AD8D-52A5B8A3FF4E}.Release|x86.Build.0 = Release|Any CPU
		{9A136609-8C18-49A3-901A-BA031BA3AA93}.Debug|Any CPU.ActiveCfg = Debug|Any CPU
		{9A136609-8C18-49A3-901A-BA031BA3AA93}.Debug|Any CPU.Build.0 = Debug|Any CPU
		{9A136609-8C18-49A3-901A-BA031BA3AA93}.Debug|Mixed Platforms.ActiveCfg = Debug|Any CPU
		{9A136609-8C18-49A3-901A-BA031BA3AA93}.Debug|Mixed Platforms.Build.0 = Debug|Any CPU
		{9A136609-8C18-49A3-901A-BA031BA3AA93}.Debug|x86.ActiveCfg = Debug|Any CPU
		{9A136609-8C18-49A3-901A-BA031BA3AA93}.Debug|x86.Build.0 = Debug|Any CPU
		{9A136609-8C18-49A3-901A-BA031BA3AA93}.Release|Any CPU.ActiveCfg = Release|Any CPU
		{9A136609-8C18-49A3-901A-BA031BA3AA93}.Release|Any CPU.Build.0 = Release|Any CPU
		{9A136609-8C18-49A3-901A-BA031BA3AA93}.Release|Mixed Platforms.ActiveCfg = Release|Any CPU
		{9A136609-8C18-49A3-901A-BA031BA3AA93}.Release|Mixed Platforms.Build.0 = Release|Any CPU
		{9A136609-8C18-49A3-901A-BA031BA3AA93}.Release|x86.ActiveCfg = Release|Any CPU
		{9A136609-8C18-49A3-901A-BA031BA3AA93}.Release|x86.Build.0 = Release|Any CPU
		{3B332447-1391-4BC8-80C4-7FAAEAC49527}.Debug|Any CPU.ActiveCfg = Debug|Any CPU
		{3B332447-1391-4BC8-80C4-7FAAEAC49527}.Debug|Any CPU.Build.0 = Debug|Any CPU
		{3B332447-1391-4BC8-80C4-7FAAEAC49527}.Debug|Mixed Platforms.ActiveCfg = Debug|Any CPU
		{3B332447-1391-4BC8-80C4-7FAAEAC49527}.Debug|Mixed Platforms.Build.0 = Debug|Any CPU
		{3B332447-1391-4BC8-80C4-7FAAEAC49527}.Debug|x86.ActiveCfg = Debug|Any CPU
		{3B332447-1391-4BC8-80C4-7FAAEAC49527}.Debug|x86.Build.0 = Debug|Any CPU
		{3B332447-1391-4BC8-80C4-7FAAEAC49527}.Release|Any CPU.ActiveCfg = Release|Any CPU
		{3B332447-1391-4BC8-80C4-7FAAEAC49527}.Release|Any CPU.Build.0 = Release|Any CPU
		{3B332447-1391-4BC8-80C4-7FAAEAC49527}.Release|Mixed Platforms.ActiveCfg = Release|Any CPU
		{3B332447-1391-4BC8-80C4-7FAAEAC49527}.Release|Mixed Platforms.Build.0 = Release|Any CPU
		{3B332447-1391-4BC8-80C4-7FAAEAC49527}.Release|x86.ActiveCfg = Release|Any CPU
		{3B332447-1391-4BC8-80C4-7FAAEAC49527}.Release|x86.Build.0 = Release|Any CPU
		{1F25F789-3240-4B0F-AE94-3AD981BDA1D8}.Debug|Any CPU.ActiveCfg = Debug|Any CPU
		{1F25F789-3240-4B0F-AE94-3AD981BDA1D8}.Debug|Any CPU.Build.0 = Debug|Any CPU
		{1F25F789-3240-4B0F-AE94-3AD981BDA1D8}.Debug|Mixed Platforms.ActiveCfg = Debug|Any CPU
		{1F25F789-3240-4B0F-AE94-3AD981BDA1D8}.Debug|Mixed Platforms.Build.0 = Debug|Any CPU
		{1F25F789-3240-4B0F-AE94-3AD981BDA1D8}.Debug|x86.ActiveCfg = Debug|Any CPU
		{1F25F789-3240-4B0F-AE94-3AD981BDA1D8}.Debug|x86.Build.0 = Debug|Any CPU
		{1F25F789-3240-4B0F-AE94-3AD981BDA1D8}.Release|Any CPU.ActiveCfg = Release|Any CPU
		{1F25F789-3240-4B0F-AE94-3AD981BDA1D8}.Release|Any CPU.Build.0 = Release|Any CPU
		{1F25F789-3240-4B0F-AE94-3AD981BDA1D8}.Release|Mixed Platforms.ActiveCfg = Release|Any CPU
		{1F25F789-3240-4B0F-AE94-3AD981BDA1D8}.Release|Mixed Platforms.Build.0 = Release|Any CPU
		{1F25F789-3240-4B0F-AE94-3AD981BDA1D8}.Release|x86.ActiveCfg = Release|Any CPU
		{1F25F789-3240-4B0F-AE94-3AD981BDA1D8}.Release|x86.Build.0 = Release|Any CPU
		{D25EFCB1-7B89-4838-BBDD-D9C7072CB833}.Debug|Any CPU.ActiveCfg = Debug|Any CPU
		{D25EFCB1-7B89-4838-BBDD-D9C7072CB833}.Debug|Any CPU.Build.0 = Debug|Any CPU
		{D25EFCB1-7B89-4838-BBDD-D9C7072CB833}.Debug|Mixed Platforms.ActiveCfg = Debug|Any CPU
		{D25EFCB1-7B89-4838-BBDD-D9C7072CB833}.Debug|Mixed Platforms.Build.0 = Debug|Any CPU
		{D25EFCB1-7B89-4838-BBDD-D9C7072CB833}.Debug|x86.ActiveCfg = Debug|Any CPU
		{D25EFCB1-7B89-4838-BBDD-D9C7072CB833}.Debug|x86.Build.0 = Debug|Any CPU
		{D25EFCB1-7B89-4838-BBDD-D9C7072CB833}.Release|Any CPU.ActiveCfg = Release|Any CPU
		{D25EFCB1-7B89-4838-BBDD-D9C7072CB833}.Release|Any CPU.Build.0 = Release|Any CPU
		{D25EFCB1-7B89-4838-BBDD-D9C7072CB833}.Release|Mixed Platforms.ActiveCfg = Release|Any CPU
		{D25EFCB1-7B89-4838-BBDD-D9C7072CB833}.Release|Mixed Platforms.Build.0 = Release|Any CPU
		{D25EFCB1-7B89-4838-BBDD-D9C7072CB833}.Release|x86.ActiveCfg = Release|Any CPU
		{D25EFCB1-7B89-4838-BBDD-D9C7072CB833}.Release|x86.Build.0 = Release|Any CPU
		{3906F3CF-437B-4D4C-85DC-987DC4BDE307}.Debug|Any CPU.ActiveCfg = Debug|Any CPU
		{3906F3CF-437B-4D4C-85DC-987DC4BDE307}.Debug|Any CPU.Build.0 = Debug|Any CPU
		{3906F3CF-437B-4D4C-85DC-987DC4BDE307}.Debug|Mixed Platforms.ActiveCfg = Debug|Any CPU
		{3906F3CF-437B-4D4C-85DC-987DC4BDE307}.Debug|Mixed Platforms.Build.0 = Debug|Any CPU
		{3906F3CF-437B-4D4C-85DC-987DC4BDE307}.Debug|x86.ActiveCfg = Debug|Any CPU
		{3906F3CF-437B-4D4C-85DC-987DC4BDE307}.Debug|x86.Build.0 = Debug|Any CPU
		{3906F3CF-437B-4D4C-85DC-987DC4BDE307}.Release|Any CPU.ActiveCfg = Debug|Any CPU
		{3906F3CF-437B-4D4C-85DC-987DC4BDE307}.Release|Any CPU.Build.0 = Debug|Any CPU
		{3906F3CF-437B-4D4C-85DC-987DC4BDE307}.Release|Mixed Platforms.ActiveCfg = Debug|Any CPU
		{3906F3CF-437B-4D4C-85DC-987DC4BDE307}.Release|Mixed Platforms.Build.0 = Debug|Any CPU
		{3906F3CF-437B-4D4C-85DC-987DC4BDE307}.Release|x86.ActiveCfg = Debug|Any CPU
		{3906F3CF-437B-4D4C-85DC-987DC4BDE307}.Release|x86.Build.0 = Debug|Any CPU
		{995ED0D6-91BD-42DC-BDB6-CB9989BC62F6}.Debug|Any CPU.ActiveCfg = Debug|Any CPU
		{995ED0D6-91BD-42DC-BDB6-CB9989BC62F6}.Debug|Any CPU.Build.0 = Debug|Any CPU
		{995ED0D6-91BD-42DC-BDB6-CB9989BC62F6}.Debug|Mixed Platforms.ActiveCfg = Debug|Any CPU
		{995ED0D6-91BD-42DC-BDB6-CB9989BC62F6}.Debug|Mixed Platforms.Build.0 = Debug|Any CPU
		{995ED0D6-91BD-42DC-BDB6-CB9989BC62F6}.Debug|x86.ActiveCfg = Debug|Any CPU
		{995ED0D6-91BD-42DC-BDB6-CB9989BC62F6}.Debug|x86.Build.0 = Debug|Any CPU
		{995ED0D6-91BD-42DC-BDB6-CB9989BC62F6}.Release|Any CPU.ActiveCfg = Release|Any CPU
		{995ED0D6-91BD-42DC-BDB6-CB9989BC62F6}.Release|Any CPU.Build.0 = Release|Any CPU
		{995ED0D6-91BD-42DC-BDB6-CB9989BC62F6}.Release|Mixed Platforms.ActiveCfg = Release|Any CPU
		{995ED0D6-91BD-42DC-BDB6-CB9989BC62F6}.Release|Mixed Platforms.Build.0 = Release|Any CPU
		{995ED0D6-91BD-42DC-BDB6-CB9989BC62F6}.Release|x86.ActiveCfg = Release|Any CPU
		{995ED0D6-91BD-42DC-BDB6-CB9989BC62F6}.Release|x86.Build.0 = Release|Any CPU
		{09C2CDE7-22A6-4873-8D7B-AE0E6CF6847F}.Debug|Any CPU.ActiveCfg = Debug|Any CPU
		{09C2CDE7-22A6-4873-8D7B-AE0E6CF6847F}.Debug|Any CPU.Build.0 = Debug|Any CPU
		{09C2CDE7-22A6-4873-8D7B-AE0E6CF6847F}.Debug|Mixed Platforms.ActiveCfg = Debug|Any CPU
		{09C2CDE7-22A6-4873-8D7B-AE0E6CF6847F}.Debug|Mixed Platforms.Build.0 = Debug|Any CPU
		{09C2CDE7-22A6-4873-8D7B-AE0E6CF6847F}.Debug|x86.ActiveCfg = Debug|Any CPU
		{09C2CDE7-22A6-4873-8D7B-AE0E6CF6847F}.Debug|x86.Build.0 = Debug|Any CPU
		{09C2CDE7-22A6-4873-8D7B-AE0E6CF6847F}.Release|Any CPU.ActiveCfg = Release|Any CPU
		{09C2CDE7-22A6-4873-8D7B-AE0E6CF6847F}.Release|Any CPU.Build.0 = Release|Any CPU
		{09C2CDE7-22A6-4873-8D7B-AE0E6CF6847F}.Release|Mixed Platforms.ActiveCfg = Release|Any CPU
		{09C2CDE7-22A6-4873-8D7B-AE0E6CF6847F}.Release|Mixed Platforms.Build.0 = Release|Any CPU
		{09C2CDE7-22A6-4873-8D7B-AE0E6CF6847F}.Release|x86.ActiveCfg = Release|Any CPU
		{09C2CDE7-22A6-4873-8D7B-AE0E6CF6847F}.Release|x86.Build.0 = Release|Any CPU
		{37BF05B3-37AD-47CF-8625-BBAC436D9BC1}.Debug|Any CPU.ActiveCfg = Debug|Any CPU
		{37BF05B3-37AD-47CF-8625-BBAC436D9BC1}.Debug|Any CPU.Build.0 = Debug|Any CPU
		{37BF05B3-37AD-47CF-8625-BBAC436D9BC1}.Debug|Mixed Platforms.ActiveCfg = Debug|Any CPU
		{37BF05B3-37AD-47CF-8625-BBAC436D9BC1}.Debug|Mixed Platforms.Build.0 = Debug|Any CPU
		{37BF05B3-37AD-47CF-8625-BBAC436D9BC1}.Debug|x86.ActiveCfg = Debug|Any CPU
		{37BF05B3-37AD-47CF-8625-BBAC436D9BC1}.Debug|x86.Build.0 = Debug|Any CPU
		{37BF05B3-37AD-47CF-8625-BBAC436D9BC1}.Release|Any CPU.ActiveCfg = Release|Any CPU
		{37BF05B3-37AD-47CF-8625-BBAC436D9BC1}.Release|Any CPU.Build.0 = Release|Any CPU
		{37BF05B3-37AD-47CF-8625-BBAC436D9BC1}.Release|Mixed Platforms.ActiveCfg = Release|Any CPU
		{37BF05B3-37AD-47CF-8625-BBAC436D9BC1}.Release|Mixed Platforms.Build.0 = Release|Any CPU
		{37BF05B3-37AD-47CF-8625-BBAC436D9BC1}.Release|x86.ActiveCfg = Release|Any CPU
		{37BF05B3-37AD-47CF-8625-BBAC436D9BC1}.Release|x86.Build.0 = Release|Any CPU
		{090E38C9-A9D4-44D7-8FD5-5D7DEEB9CBCA}.Debug|Any CPU.ActiveCfg = Debug|Any CPU
		{090E38C9-A9D4-44D7-8FD5-5D7DEEB9CBCA}.Debug|Any CPU.Build.0 = Debug|Any CPU
		{090E38C9-A9D4-44D7-8FD5-5D7DEEB9CBCA}.Debug|Mixed Platforms.ActiveCfg = Debug|Any CPU
		{090E38C9-A9D4-44D7-8FD5-5D7DEEB9CBCA}.Debug|Mixed Platforms.Build.0 = Debug|Any CPU
		{090E38C9-A9D4-44D7-8FD5-5D7DEEB9CBCA}.Debug|x86.ActiveCfg = Debug|Any CPU
		{090E38C9-A9D4-44D7-8FD5-5D7DEEB9CBCA}.Release|Any CPU.ActiveCfg = Release|Any CPU
		{090E38C9-A9D4-44D7-8FD5-5D7DEEB9CBCA}.Release|Any CPU.Build.0 = Release|Any CPU
		{090E38C9-A9D4-44D7-8FD5-5D7DEEB9CBCA}.Release|Mixed Platforms.ActiveCfg = Release|Any CPU
		{090E38C9-A9D4-44D7-8FD5-5D7DEEB9CBCA}.Release|Mixed Platforms.Build.0 = Release|Any CPU
		{090E38C9-A9D4-44D7-8FD5-5D7DEEB9CBCA}.Release|x86.ActiveCfg = Release|Any CPU
	EndGlobalSection
	GlobalSection(SolutionProperties) = preSolution
		HideSolutionNode = FALSE
	EndGlobalSection
	GlobalSection(NestedProjects) = preSolution
		{D25EFCB1-7B89-4838-BBDD-D9C7072CB833} = {3307503D-8BF0-4CE0-9561-6FD689516FD5}
		{3906F3CF-437B-4D4C-85DC-987DC4BDE307} = {3307503D-8BF0-4CE0-9561-6FD689516FD5}
		{995ED0D6-91BD-42DC-BDB6-CB9989BC62F6} = {3307503D-8BF0-4CE0-9561-6FD689516FD5}
		{09C2CDE7-22A6-4873-8D7B-AE0E6CF6847F} = {3307503D-8BF0-4CE0-9561-6FD689516FD5}
		{37BF05B3-37AD-47CF-8625-BBAC436D9BC1} = {3307503D-8BF0-4CE0-9561-6FD689516FD5}
	EndGlobalSection
	GlobalSection(ExtensibilityGlobals) = postSolution
		SolutionGuid = {24636EDA-6437-4F61-9D2F-6D1F9EF714DE}
	EndGlobalSection
EndGlobal
